
Microsoft Visual Studio Solution File, Format Version 12.00
# Visual Studio Version 17
VisualStudioVersion = 17.9.34728.123
MinimumVisualStudioVersion = 10.0.40219.1
Project("{FAE04EC0-301F-11D3-BF4B-00C04F79EFBC}") = "152120171010_152120211071_19", "152120171010_152120211071_19\152120171010_152120211071_19.csproj", "{9B4C4B14-5A19-4199-B8FE-0A87ADCA82CA}"
EndProject
Global
	GlobalSection(SolutionConfigurationPlatforms) = preSolution
		Debug|Any CPU = Debug|Any CPU
		Release|Any CPU = Release|Any CPU
	EndGlobalSection
	GlobalSection(ProjectConfigurationPlatforms) = postSolution
		{9B4C4B14-5A19-4199-B8FE-0A87ADCA82CA}.Debug|Any CPU.ActiveCfg = Debug|Any CPU
		{9B4C4B14-5A19-4199-B8FE-0A87ADCA82CA}.Debug|Any CPU.Build.0 = Debug|Any CPU
		{9B4C4B14-5A19-4199-B8FE-0A87ADCA82CA}.Release|Any CPU.ActiveCfg = Release|Any CPU
		{9B4C4B14-5A19-4199-B8FE-0A87ADCA82CA}.Release|Any CPU.Build.0 = Release|Any CPU
	EndGlobalSection
	GlobalSection(SolutionProperties) = preSolution
		HideSolutionNode = FALSE
	EndGlobalSection
	GlobalSection(ExtensibilityGlobals) = postSolution
		SolutionGuid = {92157F3C-AAB4-45DD-AB40-3492B3D196FA}
	EndGlobalSection
EndGlobal
